
Microsoft Visual Studio Solution File, Format Version 12.00
# Visual Studio Version 17
VisualStudioVersion = 17.9.34902.65
MinimumVisualStudioVersion = 10.0.40219.1
Project("{9A19103F-16F7-4668-BE54-9A1E7A4F7556}") = "CabBookingPlatformWebApp", "CabBookingPlatformWebApp\CabBookingPlatformWebApp.csproj", "{AE1A033B-C6FA-4087-B0ED-EECE561B1198}"
EndProject
Project("{9A19103F-16F7-4668-BE54-9A1E7A4F7556}") = "Customer", "Customer\Customer.csproj", "{0C89A5B1-F53C-4FBD-B258-265EC26311A5}"
EndProject
Project("{9A19103F-16F7-4668-BE54-9A1E7A4F7556}") = "BookingMicroservice", "Booking\BookingMicroservice.csproj", "{4106F92B-3A80-4D77-972F-FC0E43DCD416}"
EndProject
Project("{9A19103F-16F7-4668-BE54-9A1E7A4F7556}") = "PaymentMicroservice", "PaymentMicroservice\PaymentMicroservice.csproj", "{70425207-91C0-4D3B-B962-1DDA6DAD67BB}"
EndProject
Project("{9A19103F-16F7-4668-BE54-9A1E7A4F7556}") = "LocationMicroservice", "LocationMicroservice\LocationMicroservice.csproj", "{1D9EC5F8-25CF-4050-A544-AF2EFC9DA2C3}"
EndProject
Project("{9A19103F-16F7-4668-BE54-9A1E7A4F7556}") = "DiscountNotifier", "DiscountNotifier\DiscountNotifier.csproj", "{0D16F820-F2A2-4614-AA3F-6D5B599BEE12}"
EndProject
Project("{9A19103F-16F7-4668-BE54-9A1E7A4F7556}") = "DelayNotifier", "DelayNotifier\DelayNotifier.csproj", "{B68071FD-8B6F-41D7-95DF-926B28A53267}"
EndProject
Project("{FAE04EC0-301F-11D3-BF4B-00C04F79EFBC}") = "ApiGateway", "ApiGateway\ApiGateway.csproj", "{3A6FDD68-5C20-4569-8E1C-834C1FBC0C58}"
EndProject
Global
	GlobalSection(SolutionConfigurationPlatforms) = preSolution
		Debug|Any CPU = Debug|Any CPU
		Release|Any CPU = Release|Any CPU
	EndGlobalSection
	GlobalSection(ProjectConfigurationPlatforms) = postSolution
		{AE1A033B-C6FA-4087-B0ED-EECE561B1198}.Debug|Any CPU.ActiveCfg = Debug|Any CPU
		{AE1A033B-C6FA-4087-B0ED-EECE561B1198}.Debug|Any CPU.Build.0 = Debug|Any CPU
		{AE1A033B-C6FA-4087-B0ED-EECE561B1198}.Release|Any CPU.ActiveCfg = Release|Any CPU
		{AE1A033B-C6FA-4087-B0ED-EECE561B1198}.Release|Any CPU.Build.0 = Release|Any CPU
		{0C89A5B1-F53C-4FBD-B258-265EC26311A5}.Debug|Any CPU.ActiveCfg = Debug|Any CPU
		{0C89A5B1-F53C-4FBD-B258-265EC26311A5}.Debug|Any CPU.Build.0 = Debug|Any CPU
		{0C89A5B1-F53C-4FBD-B258-265EC26311A5}.Release|Any CPU.ActiveCfg = Release|Any CPU
		{0C89A5B1-F53C-4FBD-B258-265EC26311A5}.Release|Any CPU.Build.0 = Release|Any CPU
		{4106F92B-3A80-4D77-972F-FC0E43DCD416}.Debug|Any CPU.ActiveCfg = Debug|Any CPU
		{4106F92B-3A80-4D77-972F-FC0E43DCD416}.Debug|Any CPU.Build.0 = Debug|Any CPU
		{4106F92B-3A80-4D77-972F-FC0E43DCD416}.Release|Any CPU.ActiveCfg = Release|Any CPU
		{4106F92B-3A80-4D77-972F-FC0E43DCD416}.Release|Any CPU.Build.0 = Release|Any CPU
		{70425207-91C0-4D3B-B962-1DDA6DAD67BB}.Debug|Any CPU.ActiveCfg = Debug|Any CPU
		{70425207-91C0-4D3B-B962-1DDA6DAD67BB}.Debug|Any CPU.Build.0 = Debug|Any CPU
		{70425207-91C0-4D3B-B962-1DDA6DAD67BB}.Release|Any CPU.ActiveCfg = Release|Any CPU
		{70425207-91C0-4D3B-B962-1DDA6DAD67BB}.Release|Any CPU.Build.0 = Release|Any CPU
		{1D9EC5F8-25CF-4050-A544-AF2EFC9DA2C3}.Debug|Any CPU.ActiveCfg = Debug|Any CPU
		{1D9EC5F8-25CF-4050-A544-AF2EFC9DA2C3}.Debug|Any CPU.Build.0 = Debug|Any CPU
		{1D9EC5F8-25CF-4050-A544-AF2EFC9DA2C3}.Release|Any CPU.ActiveCfg = Release|Any CPU
		{1D9EC5F8-25CF-4050-A544-AF2EFC9DA2C3}.Release|Any CPU.Build.0 = Release|Any CPU
		{0D16F820-F2A2-4614-AA3F-6D5B599BEE12}.Debug|Any CPU.ActiveCfg = Debug|Any CPU
		{0D16F820-F2A2-4614-AA3F-6D5B599BEE12}.Debug|Any CPU.Build.0 = Debug|Any CPU
		{0D16F820-F2A2-4614-AA3F-6D5B599BEE12}.Release|Any CPU.ActiveCfg = Release|Any CPU
		{0D16F820-F2A2-4614-AA3F-6D5B599BEE12}.Release|Any CPU.Build.0 = Release|Any CPU
		{B68071FD-8B6F-41D7-95DF-926B28A53267}.Debug|Any CPU.ActiveCfg = Debug|Any CPU
		{B68071FD-8B6F-41D7-95DF-926B28A53267}.Debug|Any CPU.Build.0 = Debug|Any CPU
		{B68071FD-8B6F-41D7-95DF-926B28A53267}.Release|Any CPU.ActiveCfg = Release|Any CPU
		{B68071FD-8B6F-41D7-95DF-926B28A53267}.Release|Any CPU.Build.0 = Release|Any CPU
		{3A6FDD68-5C20-4569-8E1C-834C1FBC0C58}.Debug|Any CPU.ActiveCfg = Debug|Any CPU
		{3A6FDD68-5C20-4569-8E1C-834C1FBC0C58}.Debug|Any CPU.Build.0 = Debug|Any CPU
		{3A6FDD68-5C20-4569-8E1C-834C1FBC0C58}.Release|Any CPU.ActiveCfg = Release|Any CPU
		{3A6FDD68-5C20-4569-8E1C-834C1FBC0C58}.Release|Any CPU.Build.0 = Release|Any CPU
	EndGlobalSection
	GlobalSection(SolutionProperties) = preSolution
		HideSolutionNode = FALSE
	EndGlobalSection
	GlobalSection(ExtensibilityGlobals) = postSolution
		SolutionGuid = {230F304F-85AF-43DE-A1F6-F4402AD11BA5}
	EndGlobalSection
EndGlobal
